{
  "name": "Xprint",
  "version": "1.0.0",
  "lockfileVersion": 1,
  "requires": true,
  "dependencies": {
    "@devexpress/analytics-core": {
      "version": "23.2.4",
      "resolved": "https://registry.npmjs.org/@devexpress/analytics-core/-/analytics-core-23.2.4.tgz",
      "integrity": "sha512-b3Bdg3VCkDt87+irHmCtqafWzAkSOxp0UCpago31/vHZjf1kf9H25ktY7RxsE0PsEryDPctCb0SQfirlDeqoTA==",
      "requires": {
        "@types/jquery": "^3.1.1",
        "ace-builds": "^1.4.13",
        "jquery": "^3.1.1",
        "knockout": "~3.5.0"
      }
    },
    "@devexpress/utils": {
      "version": "1.4.1",
      "resolved": "https://registry.npmjs.org/@devexpress/utils/-/utils-1.4.1.tgz",
      "integrity": "sha512-wXixOorFlYsUiLOjAxb9UnTtvMXxYdsEmApKrbDmRk9M76V8evOQR2ChUzNtfPloy7fZecL8UWq/sF+3ZCPzQQ==",
      "requires": {
        "tslib": "2.3.1"
      },
      "dependencies": {
        "tslib": {
          "version": "2.3.1",
          "resolved": "https://registry.npmjs.org/tslib/-/tslib-2.3.1.tgz",
          "integrity": "sha512-77EbyPPpMz+FRFRuAFlWMtmgUWGe9UOG2Z25NqCwiIjRhOf5iKGuzSe5P2w1laq+FkRy4p+PCuVkJSGkzTEKVw=="
        }
      }
    },
    "@types/jquery": {
      "version": "3.5.34",
      "resolved": "https://registry.npmjs.org/@types/jquery/-/jquery-3.5.34.tgz",
      "integrity": "sha512-3m3939S3erqmTLJANS/uy0B6V7BorKx7RorcGZVjZ62dF5PAGbKEDZK1CuLtKombJkFA2T1jl8LAIIs7IV6gBQ==",
      "requires": {
        "@types/sizzle": "*"
      }
    },
    "@types/sizzle": {
      "version": "2.3.10",
      "resolved": "https://registry.npmjs.org/@types/sizzle/-/sizzle-2.3.10.tgz",
      "integrity": "sha512-TC0dmN0K8YcWEAEfiPi5gJP14eJe30TTGjkvek3iM/1NdHHsdCA/Td6GvNndMOo/iSnIsZ4HuuhrYPDAmbxzww=="
    },
    "ace-builds": {
      "version": "1.43.6",
      "resolved": "https://registry.npmjs.org/ace-builds/-/ace-builds-1.43.6.tgz",
      "integrity": "sha512-L1ddibQ7F3vyXR2k2fg+I8TQTPWVA6CKeDQr/h2+8CeyTp3W6EQL8xNFZRTztuP8xNOAqL3IYPqdzs31GCjDvg=="
    },
    "bootstrap": {
      "version": "4.6.2",
      "resolved": "https://registry.npmjs.org/bootstrap/-/bootstrap-4.6.2.tgz",
      "integrity": "sha512-51Bbp/Uxr9aTuy6ca/8FbFloBUJZLHwnhTcnjIeRn2suQWsWzcuJhGjKDB5eppVte/8oCdOL3VuwxvZDUggwGQ=="
    },
    "core-util-is": {
      "version": "1.0.3",
      "resolved": "https://registry.npmjs.org/core-util-is/-/core-util-is-1.0.3.tgz",
      "integrity": "sha512-ZQBvi1DcpJ4GDqanjucZ2Hj3wEO5pZDS89BWbkcrvdxksJorwUDDZamX9ldFkp9aw2lmBDLgkObEA4DWNJ9FYQ=="
    },
    "devexpress-reporting": {
      "version": "23.2.4",
      "resolved": "https://registry.npmjs.org/devexpress-reporting/-/devexpress-reporting-23.2.4.tgz",
      "integrity": "sha512-PKk8pH1MYkbHjJbfda1kgGDYHpktsfNhyaWxOhAWGaDhugbczE7Mufd2ZENQUUsc5FxwFadq+zM6iKVt3j8Djg==",
      "requires": {
        "ace-builds": "^1.4.13",
        "jquery": "^3.1.1",
        "knockout": "~3.5.0"
      }
    },
    "devexpress-richedit": {
      "version": "23.2.4",
      "resolved": "https://registry.npmjs.org/devexpress-richedit/-/devexpress-richedit-23.2.4.tgz",
      "integrity": "sha512-qSOjcnLklRu8giXurVpKXXVjPaSF6GC93L8sJF6J7M4qP0nBEC97oYj2g3VTwwj2E4oaZZxWAxopDetWnnvJuA==",
      "requires": {
        "@devexpress/utils": "1.4.1",
        "jszip": "~3.10.1",
        "tslib": "2.6.0"
      }
    },
    "devextreme-dist": {
      "version": "23.2.4",
      "resolved": "https://registry.npmjs.org/devextreme-dist/-/devextreme-dist-23.2.4.tgz",
      "integrity": "sha512-aLIycpgzIIZeo0kOFcrToJGlWlJtddzLznLASfFDQUnAXjV2QAtEQfPjb0zfNFI27koHvpPQ015kZyiwG8tNWA=="
    },
    "immediate": {
      "version": "3.0.6",
      "resolved": "https://registry.npmjs.org/immediate/-/immediate-3.0.6.tgz",
      "integrity": "sha512-XXOFtyqDjNDAQxVfYxuF7g9Il/IbWmmlQg2MYKOH8ExIT1qg6xc4zyS3HaEEATgs1btfzxq15ciUiY7gjSXRGQ=="
    },
    "inherits": {
      "version": "2.0.4",
      "resolved": "https://registry.npmjs.org/inherits/-/inherits-2.0.4.tgz",
      "integrity": "sha512-k/vGaX4/Yla3WzyMCvTQOXYeIHvqOKtnqBduzTHpzpQZzAskKMhZ2K+EnBiSM9zGSoIFeMpXKxa4dYeZIQqewQ=="
    },
    "isarray": {
      "version": "1.0.0",
      "resolved": "https://registry.npmjs.org/isarray/-/isarray-1.0.0.tgz",
      "integrity": "sha512-VLghIWNM6ELQzo7zwmcg0NmTVyWKYjvIeM83yjp0wRDTmUnrM678fQbcKBo6n2CJEF0szoG//ytg+TKla89ALQ=="
    },
    "jquery": {
      "version": "3.7.1",
      "resolved": "https://registry.npmjs.org/jquery/-/jquery-3.7.1.tgz",
      "integrity": "sha512-m4avr8yL8kmFN8psrbFFFmB/If14iN5o9nw/NgnnM+kybDJpRsAynV2BsfpTYrTRysYUdADVD7CkUUizgkpLfg=="
    },
    "jszip": {
      "version": "3.10.1",
      "resolved": "https://registry.npmjs.org/jszip/-/jszip-3.10.1.tgz",
      "integrity": "sha512-xXDvecyTpGLrqFrvkrUSoxxfJI5AH7U8zxxtVclpsUtMCq4JQ290LY8AW5c7Ggnr/Y/oK+bQMbqK2qmtk3pN4g==",
      "requires": {
        "lie": "~3.3.0",
        "pako": "~1.0.2",
        "readable-stream": "~2.3.6",
        "setimmediate": "^1.0.5"
      }
    },
    "knockout": {
      "version": "3.5.3",
      "resolved": "https://registry.npmjs.org/knockout/-/knockout-3.5.3.tgz",
      "integrity": "sha512-6iPv8M/xDPYfsiKyEyIPcSYBt8L+FZoJS/frLT8Nq3n9kMvP+WZ6ZPehYZV5c22Qc64Ie7unmTqYqgSdCB1Taw=="
    },
    "lie": {
      "version": "3.3.0",
      "resolved": "https://registry.npmjs.org/lie/-/lie-3.3.0.tgz",
      "integrity": "sha512-UaiMJzeWRlEujzAuw5LokY1L5ecNQYZKfmyZ9L7wDHb/p5etKaxXhohBcrw0EYby+G/NA52vRSN4N39dxHAIwQ==",
      "requires": {
        "immediate": "~3.0.5"
      }
    },
    "pako": {
      "version": "1.0.11",
      "resolved": "https://registry.npmjs.org/pako/-/pako-1.0.11.tgz",
      "integrity": "sha512-4hLB8Py4zZce5s4yd9XzopqwVv/yGNhV1Bl8NTmCq1763HeK2+EwVTv+leGeL13Dnh2wfbqowVPXCIO0z4taYw=="
    },
    "process-nextick-args": {
      "version": "2.0.1",
      "resolved": "https://registry.npmjs.org/process-nextick-args/-/process-nextick-args-2.0.1.tgz",
      "integrity": "sha512-3ouUOpQhtgrbOa17J7+uxOTpITYWaGP7/AhoR3+A+/1e9skrzelGi/dXzEYyvbxubEF6Wn2ypscTKiKJFFn1ag=="
    },
    "readable-stream": {
      "version": "2.3.8",
      "resolved": "https://registry.npmjs.org/readable-stream/-/readable-stream-2.3.8.tgz",
      "integrity": "sha512-8p0AUk4XODgIewSi0l8Epjs+EVnWiK7NoDIEGU0HhE7+ZyY8D1IMY7odu5lRrFXGg71L15KG8QrPmum45RTtdA==",
      "requires": {
        "core-util-is": "~1.0.0",
        "inherits": "~2.0.3",
        "isarray": "~1.0.0",
        "process-nextick-args": "~2.0.0",
        "safe-buffer": "~5.1.1",
        "string_decoder": "~1.1.1",
        "util-deprecate": "~1.0.1"
      }
    },
    "safe-buffer": {
      "version": "5.1.2",
      "resolved": "https://registry.npmjs.org/safe-buffer/-/safe-buffer-5.1.2.tgz",
      "integrity": "sha512-Gd2UZBJDkXlY7GbJxfsE8/nvKkUEU1G38c1siN6QP6a9PT9MmHB8GnpscSmMJSoF8LOIrt8ud/wPtojys4G6+g=="
    },
    "setimmediate": {
      "version": "1.0.5",
      "resolved": "https://registry.npmjs.org/setimmediate/-/setimmediate-1.0.5.tgz",
      "integrity": "sha512-MATJdZp8sLqDl/68LfQmbP8zKPLQNV6BIZoIgrscFDQ+RsvK/BxeDQOgyxKKoh0y/8h3BqVFnCqQ/gd+reiIXA=="
    },
    "string_decoder": {
      "version": "1.1.1",
      "resolved": "https://registry.npmjs.org/string_decoder/-/string_decoder-1.1.1.tgz",
      "integrity": "sha512-n/ShnvDi6FHbbVfviro+WojiFzv+s8MPMHBczVePfUpDJLwoLT0ht1l4YwBCbi8pJAveEEdnkHyPyTP/mzRfwg==",
      "requires": {
        "safe-buffer": "~5.1.0"
      }
    },
    "tslib": {
      "version": "2.6.0",
      "resolved": "https://registry.npmjs.org/tslib/-/tslib-2.6.0.tgz",
      "integrity": "sha512-7At1WUettjcSRHXCyYtTselblcHl9PJFFVKiCAy/bY97+BPZXSQ2wbq0P9s8tK2G7dFQfNnlJnPAiArVBVBsfA=="
    },
    "util-deprecate": {
      "version": "1.0.2",
      "resolved": "https://registry.npmjs.org/util-deprecate/-/util-deprecate-1.0.2.tgz",
      "integrity": "sha512-EPD5q1uXyFxJpCrLnCc1nHnq3gOa6DZBocAIiI2TaSCA7VCJ1UJDMagCzIkXNsUYfD1daK//LTEQ8xiIbrHtcw=="
    }
  }
}
