
Microsoft Visual Studio Solution File, Format Version 12.00
# Visual Studio Version 17
VisualStudioVersion = 17.14.36203.30
MinimumVisualStudioVersion = 10.0.40219.1
Project("{FAE04EC0-301F-11D3-BF4B-00C04F79EFBC}") = "Xprint", "Xprint.csproj", "{9ADF0CCB-568C-437B-A481-8E3D75FA8D38}"
EndProject
Global
	GlobalSection(SolutionConfigurationPlatforms) = preSolution
		Debug|Any CPU = Debug|Any CPU
		Debug|x64 = Debug|x64
		Release|Any CPU = Release|Any CPU
		Release|x64 = Release|x64
	EndGlobalSection
	GlobalSection(ProjectConfigurationPlatforms) = postSolution
		{9ADF0CCB-568C-437B-A481-8E3D75FA8D38}.Debug|Any CPU.ActiveCfg = Debug|Any CPU
		{9ADF0CCB-568C-437B-A481-8E3D75FA8D38}.Debug|Any CPU.Build.0 = Debug|Any CPU
		{9ADF0CCB-568C-437B-A481-8E3D75FA8D38}.Debug|x64.ActiveCfg = Debug|x64
		{9ADF0CCB-568C-437B-A481-8E3D75FA8D38}.Debug|x64.Build.0 = Debug|x64
		{9ADF0CCB-568C-437B-A481-8E3D75FA8D38}.Release|Any CPU.ActiveCfg = Release|Any CPU
		{9ADF0CCB-568C-437B-A481-8E3D75FA8D38}.Release|Any CPU.Build.0 = Release|Any CPU
		{9ADF0CCB-568C-437B-A481-8E3D75FA8D38}.Release|x64.ActiveCfg = Release|x64
		{9ADF0CCB-568C-437B-A481-8E3D75FA8D38}.Release|x64.Build.0 = Release|x64
	EndGlobalSection
	GlobalSection(SolutionProperties) = preSolution
		HideSolutionNode = FALSE
	EndGlobalSection
	GlobalSection(ExtensibilityGlobals) = postSolution
		SolutionGuid = {67A4D6E2-C48A-4136-9107-628BA55C5AAC}
	EndGlobalSection
EndGlobal
